
Microsoft Visual Studio Solution File, Format Version 12.00
# Visual Studio Version 17
VisualStudioVersion = 17.9.34728.123
MinimumVisualStudioVersion = 10.0.40219.1
Project("{9A19103F-16F7-4668-BE54-9A1E7A4F7556}") = "NTierArchitecture.Entities", "NTierArchitecture.Entities\NTierArchitecture.Entities.csproj", "{44C3A753-96E6-48FD-BCFF-C6F3BB15D734}"
EndProject
Project("{9A19103F-16F7-4668-BE54-9A1E7A4F7556}") = "NTierArchitecture.DataAccess", "NTierArchitecture.DataAccess\NTierArchitecture.DataAccess.csproj", "{77AD909A-FE05-4A88-8961-EC2284CE586B}"
EndProject
Project("{FAE04EC0-301F-11D3-BF4B-00C04F79EFBC}") = "NTierArchitecture.Business", "NTierArchitecture.Business\NTierArchitecture.Business.csproj", "{86B7F744-37E4-49CE-B93F-5EF0556F877B}"
EndProject
Global
	GlobalSection(SolutionConfigurationPlatforms) = preSolution
		Debug|Any CPU = Debug|Any CPU
		Release|Any CPU = Release|Any CPU
	EndGlobalSection
	GlobalSection(ProjectConfigurationPlatforms) = postSolution
		{44C3A753-96E6-48FD-BCFF-C6F3BB15D734}.Debug|Any CPU.ActiveCfg = Debug|Any CPU
		{44C3A753-96E6-48FD-BCFF-C6F3BB15D734}.Debug|Any CPU.Build.0 = Debug|Any CPU
		{44C3A753-96E6-48FD-BCFF-C6F3BB15D734}.Release|Any CPU.ActiveCfg = Release|Any CPU
		{44C3A753-96E6-48FD-BCFF-C6F3BB15D734}.Release|Any CPU.Build.0 = Release|Any CPU
		{77AD909A-FE05-4A88-8961-EC2284CE586B}.Debug|Any CPU.ActiveCfg = Debug|Any CPU
		{77AD909A-FE05-4A88-8961-EC2284CE586B}.Debug|Any CPU.Build.0 = Debug|Any CPU
		{77AD909A-FE05-4A88-8961-EC2284CE586B}.Release|Any CPU.ActiveCfg = Release|Any CPU
		{77AD909A-FE05-4A88-8961-EC2284CE586B}.Release|Any CPU.Build.0 = Release|Any CPU
		{86B7F744-37E4-49CE-B93F-5EF0556F877B}.Debug|Any CPU.ActiveCfg = Debug|Any CPU
		{86B7F744-37E4-49CE-B93F-5EF0556F877B}.Debug|Any CPU.Build.0 = Debug|Any CPU
		{86B7F744-37E4-49CE-B93F-5EF0556F877B}.Release|Any CPU.ActiveCfg = Release|Any CPU
		{86B7F744-37E4-49CE-B93F-5EF0556F877B}.Release|Any CPU.Build.0 = Release|Any CPU
	EndGlobalSection
	GlobalSection(SolutionProperties) = preSolution
		HideSolutionNode = FALSE
	EndGlobalSection
	GlobalSection(ExtensibilityGlobals) = postSolution
		SolutionGuid = {98F19586-150C-4563-B5CF-F5C0A5BDA3F3}
	EndGlobalSection
EndGlobal
